<?xml version="1.0" encoding="utf-8"?>
<Project ToolsVersion="4.0" xmlns="http://schemas.microsoft.com/developer/msbuild/2003">
  <ItemGroup>
    <Filter Include="Source Files">
      <UniqueIdentifier>{9bf7b399-9426-4a8c-9c1f-c9303164a381}</UniqueIdentifier>
    </Filter>
    <Filter Include="Header Files">
      <UniqueIdentifier>{dc112980-5935-4f7b-b077-b8f611ff4eb1}</UniqueIdentifier>
    </Filter>
  </ItemGroup>
  <ItemGroup>
    <CudaCompile Include="kernel.cu">
      <Filter>Source Files</Filter>
    </CudaCompile>
  </ItemGroup>
  <ItemGroup>
    <ClInclude Include="MCEngine.cuh">
      <Filter>Header Files</Filter>
    </ClInclude>
    <ClInclude Include="MCNeuron.cuh">
      <Filter>Header Files</Filter>
    </ClInclude>
  </ItemGroup>
</Project>