<?xml version="1.0" encoding="utf-8"?>
<Project ToolsVersion="4.0" xmlns="http://schemas.microsoft.com/developer/msbuild/2003">
  <ItemGroup>
    <Filter Include="Source Files">
      <UniqueIdentifier>{4FC737F1-C7A5-4376-A066-2A32D752A2FF}</UniqueIdentifier>
      <Extensions>cpp;c;cc;cxx;def;odl;idl;hpj;bat;asm;asmx</Extensions>
    </Filter>
    <Filter Include="Header Files">
      <UniqueIdentifier>{93995380-89BD-4b04-88EB-625FBE52EBFB}</UniqueIdentifier>
      <Extensions>h;hpp;hxx;hm;inl;inc;xsd</Extensions>
    </Filter>
    <Filter Include="Resource Files">
      <UniqueIdentifier>{67DA6AB6-F800-4c08-8B7A-83BB121AAD01}</UniqueIdentifier>
      <Extensions>rc;ico;cur;bmp;dlg;rc2;rct;bin;rgs;gif;jpg;jpeg;jpe;resx;tiff;tif;png;wav</Extensions>
    </Filter>
  </ItemGroup>
  <ItemGroup>
    <ClCompile Include="AntiThetic.cpp">
      <Filter>Source Files</Filter>
    </ClCompile>
    <ClCompile Include="Arrays.cpp">
      <Filter>Source Files</Filter>
    </ClCompile>
    <ClCompile Include="ConvergenceTable.cpp">
      <Filter>Source Files</Filter>
    </ClCompile>
    <ClCompile Include="MCStatistics.cpp">
      <Filter>Source Files</Filter>
    </ClCompile>
    <ClCompile Include="Normals.cpp">
      <Filter>Source Files</Filter>
    </ClCompile>
    <ClCompile Include="Parameters.cpp">
      <Filter>Source Files</Filter>
    </ClCompile>
    <ClCompile Include="ParkMiller.cpp">
      <Filter>Source Files</Filter>
    </ClCompile>
    <ClCompile Include="PayOff3.cpp">
      <Filter>Source Files</Filter>
    </ClCompile>
    <ClCompile Include="PayOffBridge.cpp">
      <Filter>Source Files</Filter>
    </ClCompile>
    <ClCompile Include="Random2.cpp">
      <Filter>Source Files</Filter>
    </ClCompile>
    <ClCompile Include="RandomMain3.cpp">
      <Filter>Source Files</Filter>
    </ClCompile>
    <ClCompile Include="RandomMain4.cpp">
      <Filter>Source Files</Filter>
    </ClCompile>
    <ClCompile Include="SimpleMC8.cpp">
      <Filter>Source Files</Filter>
    </ClCompile>
    <ClCompile Include="Vanilla3.cpp">
      <Filter>Source Files</Filter>
    </ClCompile>
    <ClCompile Include="VanillaBSEngine.cpp">
      <Filter>Source Files</Filter>
    </ClCompile>
    <ClCompile Include="VanillaEngine.cpp">
      <Filter>Source Files</Filter>
    </ClCompile>
  </ItemGroup>
  <ItemGroup>
    <ClInclude Include="AntiThetic.h">
      <Filter>Header Files</Filter>
    </ClInclude>
    <ClInclude Include="Arrays.h">
      <Filter>Header Files</Filter>
    </ClInclude>
    <ClInclude Include="CashFlow.h">
      <Filter>Header Files</Filter>
    </ClInclude>
    <ClInclude Include="ConvergenceTable.h">
      <Filter>Header Files</Filter>
    </ClInclude>
    <ClInclude Include="MCStatistics.h">
      <Filter>Header Files</Filter>
    </ClInclude>
    <ClInclude Include="minmax.h">
      <Filter>Header Files</Filter>
    </ClInclude>
    <ClInclude Include="Normals.h">
      <Filter>Header Files</Filter>
    </ClInclude>
    <ClInclude Include="Parameters.h">
      <Filter>Header Files</Filter>
    </ClInclude>
    <ClInclude Include="ParkMiller.h">
      <Filter>Header Files</Filter>
    </ClInclude>
    <ClInclude Include="PayOff3.h">
      <Filter>Header Files</Filter>
    </ClInclude>
    <ClInclude Include="PayOffBridge.h">
      <Filter>Header Files</Filter>
    </ClInclude>
    <ClInclude Include="Random2.h">
      <Filter>Header Files</Filter>
    </ClInclude>
    <ClInclude Include="SimpleMC8.h">
      <Filter>Header Files</Filter>
    </ClInclude>
    <ClInclude Include="Vanilla3.h">
      <Filter>Header Files</Filter>
    </ClInclude>
    <ClInclude Include="VanillaBSEngine.h">
      <Filter>Header Files</Filter>
    </ClInclude>
    <ClInclude Include="VanillaEngine.h">
      <Filter>Header Files</Filter>
    </ClInclude>
    <ClInclude Include="wrapper.h">
      <Filter>Header Files</Filter>
    </ClInclude>
  </ItemGroup>
</Project>